
Microsoft Visual Studio Solution File, Format Version 12.00
# Visual Studio Version 16
VisualStudioVersion = 25.0.1703.6
MinimumVisualStudioVersion = 10.0.40219.1
Project("{FAE04EC0-301F-11D3-BF4B-00C04F79EFBC}") = "RunnersWApp", "RunnersWApp\RunnersWApp.csproj", "{F3060187-C480-41DA-9DB6-1169104C765B}"
EndProject
Global
	GlobalSection(SolutionConfigurationPlatforms) = preSolution
		Debug|Any CPU = Debug|Any CPU
		Release|Any CPU = Release|Any CPU
	EndGlobalSection
	GlobalSection(ProjectConfigurationPlatforms) = postSolution
		{F3060187-C480-41DA-9DB6-1169104C765B}.Debug|Any CPU.ActiveCfg = Debug|Any CPU
		{F3060187-C480-41DA-9DB6-1169104C765B}.Debug|Any CPU.Build.0 = Debug|Any CPU
		{F3060187-C480-41DA-9DB6-1169104C765B}.Release|Any CPU.ActiveCfg = Release|Any CPU
		{F3060187-C480-41DA-9DB6-1169104C765B}.Release|Any CPU.Build.0 = Release|Any CPU
	EndGlobalSection
	GlobalSection(SolutionProperties) = preSolution
		HideSolutionNode = FALSE
	EndGlobalSection
	GlobalSection(ExtensibilityGlobals) = postSolution
		SolutionGuid = {A516A68E-498C-408C-957B-1B2C6981B15F}
	EndGlobalSection
EndGlobal
